version = 1
revision = 3
requires-python = ">=3.13"

[[package]]
name = "mnist-fpga-nn"
version = "0.1.0"
source = { virtual = "." }
dependencies = [
    { name = "pyserial" },
    { name = "torchao" },
]

[package.metadata]
requires-dist = [
    { name = "pyserial", specifier = ">=3.5" },
    { name = "torchao", specifier = ">=0.17.0" },
]

[[package]]
name = "pyserial"
version = "3.5"
source = { registry = "https://pypi.org/simple" }
sdist = { url = "https://files.pythonhosted.org/packages/1e/7d/ae3f0a63f41e4d2f6cb66a5b57197850f919f59e558159a4dd3a818f5082/pyserial-3.5.tar.gz", hash = "sha256:3c77e014170dfffbd816e6ffc205e9842efb10be9f58ec16d3e8675b4925cddb", size = 159125, upload-time = "2020-11-23T03:59:15.045Z" }
wheels = [
    { url = "https://files.pythonhosted.org/packages/07/bc/587a445451b253b285629263eb51c2d8e9bcea4fc97826266d186f96f558/pyserial-3.5-py2.py3-none-any.whl", hash = "sha256:c4451db6ba391ca6ca299fb3ec7bae67a5c55dde170964c7a14ceefec02f2cf0", size = 90585, upload-time = "2020-11-23T03:59:13.41Z" },
]

[[package]]
name = "torchao"
version = "0.17.0"
source = { registry = "https://pypi.org/simple" }
wheels = [
    { url = "https://files.pythonhosted.org/packages/32/fe/a4036a8e80fa800c92dbcbf75f541cd4c106248b6b579db6dab1800f616a/torchao-0.17.0-cp310-abi3-manylinux_2_24_x86_64.manylinux_2_28_x86_64.whl", hash = "sha256:87a418ce0ec064a821ceab83c921b501acef0ce9a6ccd1be358fcd16c3ae8c58", size = 3206172, upload-time = "2026-03-30T22:25:52.974Z" },
    { url = "https://files.pythonhosted.org/packages/c9/37/ef37ca885265e5f79a168616767dd416a3cea1cc3b28bb6b503ce4a5b652/torchao-0.17.0-py3-none-any.whl", hash = "sha256:02eba449036715b9ae784fbaa1a6f97994bb7b0421ce92d1d5d1c08e5bd6d349", size = 1200680, upload-time = "2026-03-30T22:25:54.457Z" },
]
